
Microsoft Visual Studio Solution File, Format Version 12.00
# Visual Studio 14
VisualStudioVersion = 14.0.25420.1
MinimumVisualStudioVersion = 10.0.40219.1
Project("{FAE04EC0-301F-11D3-BF4B-00C04F79EFBC}") = "GuildSite", "GuildSite\GuildSite.csproj", "{87CBEC01-321C-406B-8A50-B4B8C9FA5E36}"
EndProject
Project("{FAE04EC0-301F-11D3-BF4B-00C04F79EFBC}") = "GuildSite.Tests", "GuildSite.Tests\GuildSite.Tests.csproj", "{72E4D3D5-24B7-4060-A7A4-E5AC7C5AE831}"
EndProject
Global
	GlobalSection(SolutionConfigurationPlatforms) = preSolution
		Debug|Any CPU = Debug|Any CPU
		Release|Any CPU = Release|Any CPU
	EndGlobalSection
	GlobalSection(ProjectConfigurationPlatforms) = postSolution
		{87CBEC01-321C-406B-8A50-B4B8C9FA5E36}.Debug|Any CPU.ActiveCfg = Debug|Any CPU
		{87CBEC01-321C-406B-8A50-B4B8C9FA5E36}.Debug|Any CPU.Build.0 = Debug|Any CPU
		{87CBEC01-321C-406B-8A50-B4B8C9FA5E36}.Release|Any CPU.ActiveCfg = Release|Any CPU
		{87CBEC01-321C-406B-8A50-B4B8C9FA5E36}.Release|Any CPU.Build.0 = Release|Any CPU
		{72E4D3D5-24B7-4060-A7A4-E5AC7C5AE831}.Debug|Any CPU.ActiveCfg = Debug|Any CPU
		{72E4D3D5-24B7-4060-A7A4-E5AC7C5AE831}.Debug|Any CPU.Build.0 = Debug|Any CPU
		{72E4D3D5-24B7-4060-A7A4-E5AC7C5AE831}.Release|Any CPU.ActiveCfg = Release|Any CPU
		{72E4D3D5-24B7-4060-A7A4-E5AC7C5AE831}.Release|Any CPU.Build.0 = Release|Any CPU
	EndGlobalSection
	GlobalSection(SolutionProperties) = preSolution
		HideSolutionNode = FALSE
	EndGlobalSection
EndGlobal
